// !$*UTF8*$!
{
	archiveVersion = 1;
	classes = {
	};
	objectVersion = 77;
	objects = {

/* Begin PBXBuildFile section */
		00376A93C13B1F3AC5B92DF4 /* FilterManifestTests.swift in Sources */ = {isa = PBXBuildFile; fileRef = A6B0919AF0D5257B63A2F2B1 /* FilterManifestTests.swift */; };
		0E76063C5711FA3719C82DBD /* Models.framework in Frameworks */ = {isa = PBXBuildFile; fileRef = E272232019EEA2DCE1237CF2 /* Models.framework */; };
		1001F2EB2F3551F7EEF56D97 /* RenderMetrics.swift in Sources */ = {isa = PBXBuildFile; fileRef = B46D0F7DB0A87639B757F8F0 /* RenderMetrics.swift */; };
		18DB852E98FB0D6364D9EB3A /* Marketplace.framework in Embed Frameworks */ = {isa = PBXBuildFile; fileRef = 986F7EBC00641A36A64C5BF2 /* Marketplace.framework */; settings = {ATTRIBUTES = (CodeSignOnCopy, RemoveHeadersOnCopy, ); }; };
		24259CE3ACA97CAEED2E7F98 /* LUTTextureFactory.swift in Sources */ = {isa = PBXBuildFile; fileRef = 0EE2F44167E0498D3234C94D /* LUTTextureFactory.swift */; };
		2555394338C19C7FD3CABA72 /* Marketplace.framework in Frameworks */ = {isa = PBXBuildFile; fileRef = 986F7EBC00641A36A64C5BF2 /* Marketplace.framework */; };
		284E10DF47E7192247456C50 /* Auth.framework in Embed Frameworks */ = {isa = PBXBuildFile; fileRef = A0C68920E45E5B21DDF75879 /* Auth.framework */; settings = {ATTRIBUTES = (CodeSignOnCopy, RemoveHeadersOnCopy, ); }; };
		2C072F98C7C1A6F5F8839555 /* ShaderSources.swift in Sources */ = {isa = PBXBuildFile; fileRef = 7998F71011FE7F147DD3E89C /* ShaderSources.swift */; };
		2C667507B104B3BE3F0F3A78 /* Storage.framework in Frameworks */ = {isa = PBXBuildFile; fileRef = AAA494BAD0B70A333A314C8D /* Storage.framework */; };
		3276B0593528298EAE12A6BC /* DesignTokens.swift in Sources */ = {isa = PBXBuildFile; fileRef = 24B498E00A67F4CD07631C9B /* DesignTokens.swift */; };
		344BC17F6B645438F181E6AF /* BasicYUVShaders.metal in Sources */ = {isa = PBXBuildFile; fileRef = 62A023B0EACB9440DD4070B2 /* BasicYUVShaders.metal */; };
		3519AF3D40969C65B6D08A07 /* PreviewUniforms.swift in Sources */ = {isa = PBXBuildFile; fileRef = B473C5F5962E7011CE788FE6 /* PreviewUniforms.swift */; };
		3A1E7263C9A4EC92EADA2324 /* FilterEngine.framework in Embed Frameworks */ = {isa = PBXBuildFile; fileRef = 4427FD027D65D35C917B9F2B /* FilterEngine.framework */; settings = {ATTRIBUTES = (CodeSignOnCopy, RemoveHeadersOnCopy, ); }; };
		43294F6B8D94A584BB335703 /* Camera.framework in Embed Frameworks */ = {isa = PBXBuildFile; fileRef = 3D1A60FFCA0FC57472BC39D0 /* Camera.framework */; settings = {ATTRIBUTES = (CodeSignOnCopy, RemoveHeadersOnCopy, ); }; };
		450C1B71D980CD470B8862C1 /* FilterModels.swift in Sources */ = {isa = PBXBuildFile; fileRef = 6852D35F5EBD04D09638207A /* FilterModels.swift */; };
		5059D86167C676EAFEDD6364 /* FilterRepository.swift in Sources */ = {isa = PBXBuildFile; fileRef = 3475B63FDB1D3EE54C4F1483 /* FilterRepository.swift */; };
		5D78BF1724B98AED91272F29 /* DesignSystem.framework in Frameworks */ = {isa = PBXBuildFile; fileRef = 17A93071FE62F98EC3C15760 /* DesignSystem.framework */; };
		63419231E8AE756A1B9199D6 /* AuthPlaceholder.swift in Sources */ = {isa = PBXBuildFile; fileRef = 4556B8A5D3DCF1D9649576AE /* AuthPlaceholder.swift */; };
		711BE52B412B9EC24BCD77DF /* Models.framework in Embed Frameworks */ = {isa = PBXBuildFile; fileRef = E272232019EEA2DCE1237CF2 /* Models.framework */; settings = {ATTRIBUTES = (CodeSignOnCopy, RemoveHeadersOnCopy, ); }; };
		746BA691DA7F860C66784519 /* Camera.framework in Frameworks */ = {isa = PBXBuildFile; fileRef = 3D1A60FFCA0FC57472BC39D0 /* Camera.framework */; };
		79D84F556D5206ED985B8316 /* Auth.framework in Frameworks */ = {isa = PBXBuildFile; fileRef = A0C68920E45E5B21DDF75879 /* Auth.framework */; };
		7C590BC5ADB451A1EBB6D0D9 /* FilterManifest.swift in Sources */ = {isa = PBXBuildFile; fileRef = 3FC4D77C688D6ACC3C82621A /* FilterManifest.swift */; };
		88FCBCC2F1F382616964F94D /* CameraSession.swift in Sources */ = {isa = PBXBuildFile; fileRef = ACFF37590295E89710D0B4AC /* CameraSession.swift */; };
		8B00156BA3E359A9A329F625 /* Models.framework in Embed Frameworks */ = {isa = PBXBuildFile; fileRef = E272232019EEA2DCE1237CF2 /* Models.framework */; settings = {ATTRIBUTES = (CodeSignOnCopy, RemoveHeadersOnCopy, ); }; };
		8B8BBE6024B60D14A27157B2 /* MetalPreviewRenderer.swift in Sources */ = {isa = PBXBuildFile; fileRef = B83062A56C0F7733398AF36B /* MetalPreviewRenderer.swift */; };
		8BF59D17FD45564E439B2582 /* FilterMarketApp.swift in Sources */ = {isa = PBXBuildFile; fileRef = F06E69D4F6F277CAE975F5AA /* FilterMarketApp.swift */; };
		8C77C15CCFE7D7C445EF42BF /* Models.framework in Frameworks */ = {isa = PBXBuildFile; fileRef = E272232019EEA2DCE1237CF2 /* Models.framework */; };
		91D21054CB4B783DBE75F6D3 /* Models.framework in Frameworks */ = {isa = PBXBuildFile; fileRef = E272232019EEA2DCE1237CF2 /* Models.framework */; };
		9ABFA360FD85099CB3A26180 /* Models.framework in Frameworks */ = {isa = PBXBuildFile; fileRef = E272232019EEA2DCE1237CF2 /* Models.framework */; };
		9B706EA687F20EB96B7979D5 /* Storage.framework in Embed Frameworks */ = {isa = PBXBuildFile; fileRef = AAA494BAD0B70A333A314C8D /* Storage.framework */; settings = {ATTRIBUTES = (CodeSignOnCopy, RemoveHeadersOnCopy, ); }; };
		A0062542D4A822BBF8D141CE /* LUTSampler.swift in Sources */ = {isa = PBXBuildFile; fileRef = E3E248D4EE06814C4D1F4085 /* LUTSampler.swift */; };
		A7EECA2F2FA480D498C77E10 /* FilterEngine.framework in Frameworks */ = {isa = PBXBuildFile; fileRef = 4427FD027D65D35C917B9F2B /* FilterEngine.framework */; };
		AB18E5E26B7B6295A4EB1297 /* Models.framework in Embed Frameworks */ = {isa = PBXBuildFile; fileRef = E272232019EEA2DCE1237CF2 /* Models.framework */; settings = {ATTRIBUTES = (CodeSignOnCopy, RemoveHeadersOnCopy, ); }; };
		B907B0E0C4E46E65A5CA718E /* MetalPreviewView.swift in Sources */ = {isa = PBXBuildFile; fileRef = A303EF76492E26F2B492982D /* MetalPreviewView.swift */; };
		BB973D2085505D2BED8AD917 /* DesignSystem.framework in Embed Frameworks */ = {isa = PBXBuildFile; fileRef = 17A93071FE62F98EC3C15760 /* DesignSystem.framework */; settings = {ATTRIBUTES = (CodeSignOnCopy, RemoveHeadersOnCopy, ); }; };
		C6C63436B49136D4688D4C4E /* JSONCoding.swift in Sources */ = {isa = PBXBuildFile; fileRef = C301C0A9A39E52C722DA22C3 /* JSONCoding.swift */; };
		CF5D2516C9616B0B7D5A3AF4 /* LUTSamplerTests.swift in Sources */ = {isa = PBXBuildFile; fileRef = 97C3FE4052CC350040CD54FB /* LUTSamplerTests.swift */; };
		D43ECD9FF5B8F29B8CBCB6A0 /* FilterEngine.framework in Embed Frameworks */ = {isa = PBXBuildFile; fileRef = 4427FD027D65D35C917B9F2B /* FilterEngine.framework */; settings = {ATTRIBUTES = (CodeSignOnCopy, RemoveHeadersOnCopy, ); }; };
		D5D77982CF44202124733E99 /* FilterEngine.framework in Frameworks */ = {isa = PBXBuildFile; fileRef = 4427FD027D65D35C917B9F2B /* FilterEngine.framework */; };
		D63143161C05B800C6A3EC0F /* FilterCache.swift in Sources */ = {isa = PBXBuildFile; fileRef = F668B24669A6F476F5B8F607 /* FilterCache.swift */; };
		D989BBC72B15453CAC3A54BF /* Models.framework in Frameworks */ = {isa = PBXBuildFile; fileRef = E272232019EEA2DCE1237CF2 /* Models.framework */; };
		E9A4A5980D89487747D73461 /* Models.framework in Frameworks */ = {isa = PBXBuildFile; fileRef = E272232019EEA2DCE1237CF2 /* Models.framework */; };
/* End PBXBuildFile section */

/* Begin PBXContainerItemProxy section */
		1716F04132B6F8FADA8AE89C /* PBXContainerItemProxy */ = {
			isa = PBXContainerItemProxy;
			containerPortal = 96F6D07797D6785E45B35007 /* Project object */;
			proxyType = 1;
			remoteGlobalIDString = 5619E7EA445EC3ABD38C8AF9;
			remoteInfo = Models;
		};
		2D8744A4B6FD5E9817B7D938 /* PBXContainerItemProxy */ = {
			isa = PBXContainerItemProxy;
			containerPortal = 96F6D07797D6785E45B35007 /* Project object */;
			proxyType = 1;
			remoteGlobalIDString = C455F977886051CA7F1552E5;
			remoteInfo = Storage;
		};
		3DEA69FDF279C61B17367398 /* PBXContainerItemProxy */ = {
			isa = PBXContainerItemProxy;
			containerPortal = 96F6D07797D6785E45B35007 /* Project object */;
			proxyType = 1;
			remoteGlobalIDString = 5619E7EA445EC3ABD38C8AF9;
			remoteInfo = Models;
		};
		67702FD15D2A71232C634E58 /* PBXContainerItemProxy */ = {
			isa = PBXContainerItemProxy;
			containerPortal = 96F6D07797D6785E45B35007 /* Project object */;
			proxyType = 1;
			remoteGlobalIDString = 53EE13D96414593F51A6B777;
			remoteInfo = FilterEngine;
		};
		6E7F46530C12B1AE00724521 /* PBXContainerItemProxy */ = {
			isa = PBXContainerItemProxy;
			containerPortal = 96F6D07797D6785E45B35007 /* Project object */;
			proxyType = 1;
			remoteGlobalIDString = 5619E7EA445EC3ABD38C8AF9;
			remoteInfo = Models;
		};
		7D578297C3FEDFBCC83E9FA9 /* PBXContainerItemProxy */ = {
			isa = PBXContainerItemProxy;
			containerPortal = 96F6D07797D6785E45B35007 /* Project object */;
			proxyType = 1;
			remoteGlobalIDString = C02500A07E07EEA228928E0E;
			remoteInfo = Camera;
		};
		A70926348F917F7C4A061CCC /* PBXContainerItemProxy */ = {
			isa = PBXContainerItemProxy;
			containerPortal = 96F6D07797D6785E45B35007 /* Project object */;
			proxyType = 1;
			remoteGlobalIDString = 5619E7EA445EC3ABD38C8AF9;
			remoteInfo = Models;
		};
		C51ABCC9F77C281CA87BBAB6 /* PBXContainerItemProxy */ = {
			isa = PBXContainerItemProxy;
			containerPortal = 96F6D07797D6785E45B35007 /* Project object */;
			proxyType = 1;
			remoteGlobalIDString = 5619E7EA445EC3ABD38C8AF9;
			remoteInfo = Models;
		};
		CBA32321A12B202B5FC24962 /* PBXContainerItemProxy */ = {
			isa = PBXContainerItemProxy;
			containerPortal = 96F6D07797D6785E45B35007 /* Project object */;
			proxyType = 1;
			remoteGlobalIDString = 5619E7EA445EC3ABD38C8AF9;
			remoteInfo = Models;
		};
		CC0D292AB48B28F0E37E014E /* PBXContainerItemProxy */ = {
			isa = PBXContainerItemProxy;
			containerPortal = 96F6D07797D6785E45B35007 /* Project object */;
			proxyType = 1;
			remoteGlobalIDString = 581660CC4D27A2E39FCF2661;
			remoteInfo = Auth;
		};
		F513B03D39D16D65102B4D45 /* PBXContainerItemProxy */ = {
			isa = PBXContainerItemProxy;
			containerPortal = 96F6D07797D6785E45B35007 /* Project object */;
			proxyType = 1;
			remoteGlobalIDString = D8021DF298CB5B584A3C1305;
			remoteInfo = DesignSystem;
		};
		F5BE01BD773974D669364589 /* PBXContainerItemProxy */ = {
			isa = PBXContainerItemProxy;
			containerPortal = 96F6D07797D6785E45B35007 /* Project object */;
			proxyType = 1;
			remoteGlobalIDString = 53EE13D96414593F51A6B777;
			remoteInfo = FilterEngine;
		};
		FCECEF7A4491E330BC203776 /* PBXContainerItemProxy */ = {
			isa = PBXContainerItemProxy;
			containerPortal = 96F6D07797D6785E45B35007 /* Project object */;
			proxyType = 1;
			remoteGlobalIDString = 519580DFE6E17617711F3820;
			remoteInfo = Marketplace;
		};
/* End PBXContainerItemProxy section */

/* Begin PBXCopyFilesBuildPhase section */
		84961723AA5BB7A5CFD1E6A9 /* Embed Frameworks */ = {
			isa = PBXCopyFilesBuildPhase;
			buildActionMask = 2147483647;
			dstPath = "";
			dstSubfolderSpec = 10;
			files = (
				3A1E7263C9A4EC92EADA2324 /* FilterEngine.framework in Embed Frameworks */,
				AB18E5E26B7B6295A4EB1297 /* Models.framework in Embed Frameworks */,
			);
			name = "Embed Frameworks";
			runOnlyForDeploymentPostprocessing = 0;
		};
		AD2982862640FD928477E138 /* Embed Frameworks */ = {
			isa = PBXCopyFilesBuildPhase;
			buildActionMask = 2147483647;
			dstPath = "";
			dstSubfolderSpec = 10;
			files = (
				8B00156BA3E359A9A329F625 /* Models.framework in Embed Frameworks */,
			);
			name = "Embed Frameworks";
			runOnlyForDeploymentPostprocessing = 0;
		};
		B106B21AA5D1BB515E297DE3 /* Embed Frameworks */ = {
			isa = PBXCopyFilesBuildPhase;
			buildActionMask = 2147483647;
			dstPath = "";
			dstSubfolderSpec = 10;
			files = (
				43294F6B8D94A584BB335703 /* Camera.framework in Embed Frameworks */,
				D43ECD9FF5B8F29B8CBCB6A0 /* FilterEngine.framework in Embed Frameworks */,
				18DB852E98FB0D6364D9EB3A /* Marketplace.framework in Embed Frameworks */,
				9B706EA687F20EB96B7979D5 /* Storage.framework in Embed Frameworks */,
				711BE52B412B9EC24BCD77DF /* Models.framework in Embed Frameworks */,
				BB973D2085505D2BED8AD917 /* DesignSystem.framework in Embed Frameworks */,
				284E10DF47E7192247456C50 /* Auth.framework in Embed Frameworks */,
			);
			name = "Embed Frameworks";
			runOnlyForDeploymentPostprocessing = 0;
		};
/* End PBXCopyFilesBuildPhase section */

/* Begin PBXFileReference section */
		0EE2F44167E0498D3234C94D /* LUTTextureFactory.swift */ = {isa = PBXFileReference; lastKnownFileType = sourcecode.swift; path = LUTTextureFactory.swift; sourceTree = "<group>"; };
		17A93071FE62F98EC3C15760 /* DesignSystem.framework */ = {isa = PBXFileReference; explicitFileType = wrapper.framework; includeInIndex = 0; path = DesignSystem.framework; sourceTree = BUILT_PRODUCTS_DIR; };
		1CD3FACE8812278A6BCCEB83 /* filterMarket.app */ = {isa = PBXFileReference; includeInIndex = 0; lastKnownFileType = wrapper.application; path = filterMarket.app; sourceTree = BUILT_PRODUCTS_DIR; };
		24B498E00A67F4CD07631C9B /* DesignTokens.swift */ = {isa = PBXFileReference; lastKnownFileType = sourcecode.swift; path = DesignTokens.swift; sourceTree = "<group>"; };
		3475B63FDB1D3EE54C4F1483 /* FilterRepository.swift */ = {isa = PBXFileReference; lastKnownFileType = sourcecode.swift; path = FilterRepository.swift; sourceTree = "<group>"; };
		3D1A60FFCA0FC57472BC39D0 /* Camera.framework */ = {isa = PBXFileReference; explicitFileType = wrapper.framework; includeInIndex = 0; path = Camera.framework; sourceTree = BUILT_PRODUCTS_DIR; };
		3FC4D77C688D6ACC3C82621A /* FilterManifest.swift */ = {isa = PBXFileReference; lastKnownFileType = sourcecode.swift; path = FilterManifest.swift; sourceTree = "<group>"; };
		4427FD027D65D35C917B9F2B /* FilterEngine.framework */ = {isa = PBXFileReference; explicitFileType = wrapper.framework; includeInIndex = 0; path = FilterEngine.framework; sourceTree = BUILT_PRODUCTS_DIR; };
		4556B8A5D3DCF1D9649576AE /* AuthPlaceholder.swift */ = {isa = PBXFileReference; lastKnownFileType = sourcecode.swift; path = AuthPlaceholder.swift; sourceTree = "<group>"; };
		62A023B0EACB9440DD4070B2 /* BasicYUVShaders.metal */ = {isa = PBXFileReference; lastKnownFileType = sourcecode.metal; path = BasicYUVShaders.metal; sourceTree = "<group>"; };
		67CDDEA31B196A79BAC83B27 /* ModelsTests.xctest */ = {isa = PBXFileReference; includeInIndex = 0; lastKnownFileType = wrapper.cfbundle; path = ModelsTests.xctest; sourceTree = BUILT_PRODUCTS_DIR; };
		6852D35F5EBD04D09638207A /* FilterModels.swift */ = {isa = PBXFileReference; lastKnownFileType = sourcecode.swift; path = FilterModels.swift; sourceTree = "<group>"; };
		7998F71011FE7F147DD3E89C /* ShaderSources.swift */ = {isa = PBXFileReference; lastKnownFileType = sourcecode.swift; path = ShaderSources.swift; sourceTree = "<group>"; };
		97C3FE4052CC350040CD54FB /* LUTSamplerTests.swift */ = {isa = PBXFileReference; lastKnownFileType = sourcecode.swift; path = LUTSamplerTests.swift; sourceTree = "<group>"; };
		986F7EBC00641A36A64C5BF2 /* Marketplace.framework */ = {isa = PBXFileReference; explicitFileType = wrapper.framework; includeInIndex = 0; path = Marketplace.framework; sourceTree = BUILT_PRODUCTS_DIR; };
		A0C68920E45E5B21DDF75879 /* Auth.framework */ = {isa = PBXFileReference; explicitFileType = wrapper.framework; includeInIndex = 0; path = Auth.framework; sourceTree = BUILT_PRODUCTS_DIR; };
		A303EF76492E26F2B492982D /* MetalPreviewView.swift */ = {isa = PBXFileReference; lastKnownFileType = sourcecode.swift; path = MetalPreviewView.swift; sourceTree = "<group>"; };
		A6B0919AF0D5257B63A2F2B1 /* FilterManifestTests.swift */ = {isa = PBXFileReference; lastKnownFileType = sourcecode.swift; path = FilterManifestTests.swift; sourceTree = "<group>"; };
		AAA494BAD0B70A333A314C8D /* Storage.framework */ = {isa = PBXFileReference; explicitFileType = wrapper.framework; includeInIndex = 0; path = Storage.framework; sourceTree = BUILT_PRODUCTS_DIR; };
		ACFF37590295E89710D0B4AC /* CameraSession.swift */ = {isa = PBXFileReference; lastKnownFileType = sourcecode.swift; path = CameraSession.swift; sourceTree = "<group>"; };
		B46D0F7DB0A87639B757F8F0 /* RenderMetrics.swift */ = {isa = PBXFileReference; lastKnownFileType = sourcecode.swift; path = RenderMetrics.swift; sourceTree = "<group>"; };
		B473C5F5962E7011CE788FE6 /* PreviewUniforms.swift */ = {isa = PBXFileReference; lastKnownFileType = sourcecode.swift; path = PreviewUniforms.swift; sourceTree = "<group>"; };
		B83062A56C0F7733398AF36B /* MetalPreviewRenderer.swift */ = {isa = PBXFileReference; lastKnownFileType = sourcecode.swift; path = MetalPreviewRenderer.swift; sourceTree = "<group>"; };
		C301C0A9A39E52C722DA22C3 /* JSONCoding.swift */ = {isa = PBXFileReference; lastKnownFileType = sourcecode.swift; path = JSONCoding.swift; sourceTree = "<group>"; };
		E272232019EEA2DCE1237CF2 /* Models.framework */ = {isa = PBXFileReference; explicitFileType = wrapper.framework; includeInIndex = 0; path = Models.framework; sourceTree = BUILT_PRODUCTS_DIR; };
		E35FA23DD85E90C3AE32E85A /* Info.plist */ = {isa = PBXFileReference; lastKnownFileType = text.plist; path = Info.plist; sourceTree = "<group>"; };
		E3E248D4EE06814C4D1F4085 /* LUTSampler.swift */ = {isa = PBXFileReference; lastKnownFileType = sourcecode.swift; path = LUTSampler.swift; sourceTree = "<group>"; };
		EDFCE3DB4F379E70DA9CEFF3 /* FilterEngineTests.xctest */ = {isa = PBXFileReference; includeInIndex = 0; lastKnownFileType = wrapper.cfbundle; path = FilterEngineTests.xctest; sourceTree = BUILT_PRODUCTS_DIR; };
		F06E69D4F6F277CAE975F5AA /* FilterMarketApp.swift */ = {isa = PBXFileReference; lastKnownFileType = sourcecode.swift; path = FilterMarketApp.swift; sourceTree = "<group>"; };
		F668B24669A6F476F5B8F607 /* FilterCache.swift */ = {isa = PBXFileReference; lastKnownFileType = sourcecode.swift; path = FilterCache.swift; sourceTree = "<group>"; };
/* End PBXFileReference section */

/* Begin PBXFrameworksBuildPhase section */
		06FADA17CF5CD8716C07FA01 /* Frameworks */ = {
			isa = PBXFrameworksBuildPhase;
			buildActionMask = 2147483647;
			files = (
				91D21054CB4B783DBE75F6D3 /* Models.framework in Frameworks */,
			);
			runOnlyForDeploymentPostprocessing = 0;
		};
		0CDBB0D6703A72D1FAC552A5 /* Frameworks */ = {
			isa = PBXFrameworksBuildPhase;
			buildActionMask = 2147483647;
			files = (
				0E76063C5711FA3719C82DBD /* Models.framework in Frameworks */,
			);
			runOnlyForDeploymentPostprocessing = 0;
		};
		50B86236143DED0A394CA11A /* Frameworks */ = {
			isa = PBXFrameworksBuildPhase;
			buildActionMask = 2147483647;
			files = (
				E9A4A5980D89487747D73461 /* Models.framework in Frameworks */,
			);
			runOnlyForDeploymentPostprocessing = 0;
		};
		74BCD5AEDF26141B5978EF9F /* Frameworks */ = {
			isa = PBXFrameworksBuildPhase;
			buildActionMask = 2147483647;
			files = (
				746BA691DA7F860C66784519 /* Camera.framework in Frameworks */,
				D5D77982CF44202124733E99 /* FilterEngine.framework in Frameworks */,
				2555394338C19C7FD3CABA72 /* Marketplace.framework in Frameworks */,
				2C667507B104B3BE3F0F3A78 /* Storage.framework in Frameworks */,
				8C77C15CCFE7D7C445EF42BF /* Models.framework in Frameworks */,
				5D78BF1724B98AED91272F29 /* DesignSystem.framework in Frameworks */,
				79D84F556D5206ED985B8316 /* Auth.framework in Frameworks */,
			);
			runOnlyForDeploymentPostprocessing = 0;
		};
		760A52CAF69F8C8E531445C5 /* Frameworks */ = {
			isa = PBXFrameworksBuildPhase;
			buildActionMask = 2147483647;
			files = (
				A7EECA2F2FA480D498C77E10 /* FilterEngine.framework in Frameworks */,
				D989BBC72B15453CAC3A54BF /* Models.framework in Frameworks */,
			);
			runOnlyForDeploymentPostprocessing = 0;
		};
		E17ABD84498AC94967F43AA7 /* Frameworks */ = {
			isa = PBXFrameworksBuildPhase;
			buildActionMask = 2147483647;
			files = (
				9ABFA360FD85099CB3A26180 /* Models.framework in Frameworks */,
			);
			runOnlyForDeploymentPostprocessing = 0;
		};
/* End PBXFrameworksBuildPhase section */

/* Begin PBXGroup section */
		1EE3F63A2B7BF16AF5AED711 /* App */ = {
			isa = PBXGroup;
			children = (
				F06E69D4F6F277CAE975F5AA /* FilterMarketApp.swift */,
				E35FA23DD85E90C3AE32E85A /* Info.plist */,
			);
			name = App;
			path = Sources/App;
			sourceTree = "<group>";
		};
		3DAE31FCEFD1C73C6ABF4E2A = {
			isa = PBXGroup;
			children = (
				1EE3F63A2B7BF16AF5AED711 /* App */,
				CF94F19210D466912E7B0EEC /* Auth */,
				B8A35439D046D1489325E38D /* Camera */,
				A0556345AFA25DF4C7E16FB9 /* DesignSystem */,
				D61A6DCDADD9B9293F57B96B /* FilterEngine */,
				6BD292C245C7CF328BBB3CDC /* FilterEngineTests */,
				7F5BE2FFFEE1A0EA571F6891 /* Marketplace */,
				9C1A0234369BE44ABD2A019C /* Models */,
				B3845069F74B10928BBCDB00 /* ModelsTests */,
				C7557B703C682DD2E1847DC1 /* Shaders */,
				613176FE48B412D89FB2973D /* Storage */,
				4579D9F205DC8F60B23D8BFE /* Products */,
			);
			sourceTree = "<group>";
		};
		4579D9F205DC8F60B23D8BFE /* Products */ = {
			isa = PBXGroup;
			children = (
				A0C68920E45E5B21DDF75879 /* Auth.framework */,
				3D1A60FFCA0FC57472BC39D0 /* Camera.framework */,
				17A93071FE62F98EC3C15760 /* DesignSystem.framework */,
				4427FD027D65D35C917B9F2B /* FilterEngine.framework */,
				EDFCE3DB4F379E70DA9CEFF3 /* FilterEngineTests.xctest */,
				1CD3FACE8812278A6BCCEB83 /* filterMarket.app */,
				986F7EBC00641A36A64C5BF2 /* Marketplace.framework */,
				E272232019EEA2DCE1237CF2 /* Models.framework */,
				67CDDEA31B196A79BAC83B27 /* ModelsTests.xctest */,
				AAA494BAD0B70A333A314C8D /* Storage.framework */,
			);
			name = Products;
			sourceTree = "<group>";
		};
		613176FE48B412D89FB2973D /* Storage */ = {
			isa = PBXGroup;
			children = (
				F668B24669A6F476F5B8F607 /* FilterCache.swift */,
			);
			name = Storage;
			path = Sources/Storage;
			sourceTree = "<group>";
		};
		6BD292C245C7CF328BBB3CDC /* FilterEngineTests */ = {
			isa = PBXGroup;
			children = (
				97C3FE4052CC350040CD54FB /* LUTSamplerTests.swift */,
			);
			name = FilterEngineTests;
			path = Tests/FilterEngineTests;
			sourceTree = "<group>";
		};
		7F5BE2FFFEE1A0EA571F6891 /* Marketplace */ = {
			isa = PBXGroup;
			children = (
				3475B63FDB1D3EE54C4F1483 /* FilterRepository.swift */,
			);
			name = Marketplace;
			path = Sources/Marketplace;
			sourceTree = "<group>";
		};
		9C1A0234369BE44ABD2A019C /* Models */ = {
			isa = PBXGroup;
			children = (
				3FC4D77C688D6ACC3C82621A /* FilterManifest.swift */,
				6852D35F5EBD04D09638207A /* FilterModels.swift */,
				C301C0A9A39E52C722DA22C3 /* JSONCoding.swift */,
			);
			name = Models;
			path = Sources/Models;
			sourceTree = "<group>";
		};
		A0556345AFA25DF4C7E16FB9 /* DesignSystem */ = {
			isa = PBXGroup;
			children = (
				24B498E00A67F4CD07631C9B /* DesignTokens.swift */,
			);
			name = DesignSystem;
			path = Sources/DesignSystem;
			sourceTree = "<group>";
		};
		B3845069F74B10928BBCDB00 /* ModelsTests */ = {
			isa = PBXGroup;
			children = (
				A6B0919AF0D5257B63A2F2B1 /* FilterManifestTests.swift */,
			);
			name = ModelsTests;
			path = Tests/ModelsTests;
			sourceTree = "<group>";
		};
		B8A35439D046D1489325E38D /* Camera */ = {
			isa = PBXGroup;
			children = (
				ACFF37590295E89710D0B4AC /* CameraSession.swift */,
			);
			name = Camera;
			path = Sources/Camera;
			sourceTree = "<group>";
		};
		C7557B703C682DD2E1847DC1 /* Shaders */ = {
			isa = PBXGroup;
			children = (
				62A023B0EACB9440DD4070B2 /* BasicYUVShaders.metal */,
			);
			path = Shaders;
			sourceTree = "<group>";
		};
		CF94F19210D466912E7B0EEC /* Auth */ = {
			isa = PBXGroup;
			children = (
				4556B8A5D3DCF1D9649576AE /* AuthPlaceholder.swift */,
			);
			name = Auth;
			path = Sources/Auth;
			sourceTree = "<group>";
		};
		D61A6DCDADD9B9293F57B96B /* FilterEngine */ = {
			isa = PBXGroup;
			children = (
				E3E248D4EE06814C4D1F4085 /* LUTSampler.swift */,
				0EE2F44167E0498D3234C94D /* LUTTextureFactory.swift */,
				B83062A56C0F7733398AF36B /* MetalPreviewRenderer.swift */,
				A303EF76492E26F2B492982D /* MetalPreviewView.swift */,
				B473C5F5962E7011CE788FE6 /* PreviewUniforms.swift */,
				B46D0F7DB0A87639B757F8F0 /* RenderMetrics.swift */,
				7998F71011FE7F147DD3E89C /* ShaderSources.swift */,
			);
			name = FilterEngine;
			path = Sources/FilterEngine;
			sourceTree = "<group>";
		};
/* End PBXGroup section */

/* Begin PBXNativeTarget section */
		3A85846032AD2DE88F8FED1F /* filterMarket */ = {
			isa = PBXNativeTarget;
			buildConfigurationList = 92FF226BAA769426501FC920 /* Build configuration list for PBXNativeTarget "filterMarket" */;
			buildPhases = (
				92C30B9FF5F21BA4298CDD03 /* Sources */,
				74BCD5AEDF26141B5978EF9F /* Frameworks */,
				B106B21AA5D1BB515E297DE3 /* Embed Frameworks */,
			);
			buildRules = (
			);
			dependencies = (
				C9CE2FEE6B417B5EDCB4D9DE /* PBXTargetDependency */,
				3C75208BF40B456986721A54 /* PBXTargetDependency */,
				C29F9ACC9497294A6242DADF /* PBXTargetDependency */,
				599FB907739A835A60B25476 /* PBXTargetDependency */,
				7ECAD54D9D45226E6AF9F5D0 /* PBXTargetDependency */,
				D6344F17816F5C7E804CF74E /* PBXTargetDependency */,
				71337D8A7F6D80CDB15864E2 /* PBXTargetDependency */,
			);
			name = filterMarket;
			packageProductDependencies = (
			);
			productName = filterMarket;
			productReference = 1CD3FACE8812278A6BCCEB83 /* filterMarket.app */;
			productType = "com.apple.product-type.application";
		};
		519580DFE6E17617711F3820 /* Marketplace */ = {
			isa = PBXNativeTarget;
			buildConfigurationList = 482174CA4423C0214B8502DD /* Build configuration list for PBXNativeTarget "Marketplace" */;
			buildPhases = (
				1C0BA4F93EE28EF604FDED9E /* Sources */,
				50B86236143DED0A394CA11A /* Frameworks */,
			);
			buildRules = (
			);
			dependencies = (
				824D1E503CCB3DA5F599085B /* PBXTargetDependency */,
			);
			name = Marketplace;
			packageProductDependencies = (
			);
			productName = Marketplace;
			productReference = 986F7EBC00641A36A64C5BF2 /* Marketplace.framework */;
			productType = "com.apple.product-type.framework";
		};
		53EE13D96414593F51A6B777 /* FilterEngine */ = {
			isa = PBXNativeTarget;
			buildConfigurationList = 4BF2D3825FDBCB4E1805C9D8 /* Build configuration list for PBXNativeTarget "FilterEngine" */;
			buildPhases = (
				5F065CCD8E505B5CBB76B635 /* Sources */,
				E17ABD84498AC94967F43AA7 /* Frameworks */,
			);
			buildRules = (
			);
			dependencies = (
				88DC8E8A400CCBA8A1880967 /* PBXTargetDependency */,
			);
			name = FilterEngine;
			packageProductDependencies = (
			);
			productName = FilterEngine;
			productReference = 4427FD027D65D35C917B9F2B /* FilterEngine.framework */;
			productType = "com.apple.product-type.framework";
		};
		5619E7EA445EC3ABD38C8AF9 /* Models */ = {
			isa = PBXNativeTarget;
			buildConfigurationList = AE14F16DAF819F3AAF22FD1F /* Build configuration list for PBXNativeTarget "Models" */;
			buildPhases = (
				8251C5D04ED389EAE7E2796C /* Sources */,
			);
			buildRules = (
			);
			dependencies = (
			);
			name = Models;
			packageProductDependencies = (
			);
			productName = Models;
			productReference = E272232019EEA2DCE1237CF2 /* Models.framework */;
			productType = "com.apple.product-type.framework";
		};
		581660CC4D27A2E39FCF2661 /* Auth */ = {
			isa = PBXNativeTarget;
			buildConfigurationList = 1609AB8BAEDD932F5C52312C /* Build configuration list for PBXNativeTarget "Auth" */;
			buildPhases = (
				981255DE5ACF15F9DEF4E4FD /* Sources */,
			);
			buildRules = (
			);
			dependencies = (
			);
			name = Auth;
			packageProductDependencies = (
			);
			productName = Auth;
			productReference = A0C68920E45E5B21DDF75879 /* Auth.framework */;
			productType = "com.apple.product-type.framework";
		};
		ADE403AE73A49F64FE54B4AA /* FilterEngineTests */ = {
			isa = PBXNativeTarget;
			buildConfigurationList = 85C932E8DF9835940FD6E634 /* Build configuration list for PBXNativeTarget "FilterEngineTests" */;
			buildPhases = (
				08BDB9DFC56BCC9A3F5C23EC /* Sources */,
				760A52CAF69F8C8E531445C5 /* Frameworks */,
				84961723AA5BB7A5CFD1E6A9 /* Embed Frameworks */,
			);
			buildRules = (
			);
			dependencies = (
				93BDE955604262EE3A264B01 /* PBXTargetDependency */,
				BCE1B1E8B7E175B927D1704D /* PBXTargetDependency */,
			);
			name = FilterEngineTests;
			packageProductDependencies = (
			);
			productName = FilterEngineTests;
			productReference = EDFCE3DB4F379E70DA9CEFF3 /* FilterEngineTests.xctest */;
			productType = "com.apple.product-type.bundle.unit-test";
		};
		C02500A07E07EEA228928E0E /* Camera */ = {
			isa = PBXNativeTarget;
			buildConfigurationList = 4E3E8A3C78A2866371E8BB46 /* Build configuration list for PBXNativeTarget "Camera" */;
			buildPhases = (
				204CA570E2DD3616ED2D2FF4 /* Sources */,
			);
			buildRules = (
			);
			dependencies = (
			);
			name = Camera;
			packageProductDependencies = (
			);
			productName = Camera;
			productReference = 3D1A60FFCA0FC57472BC39D0 /* Camera.framework */;
			productType = "com.apple.product-type.framework";
		};
		C455F977886051CA7F1552E5 /* Storage */ = {
			isa = PBXNativeTarget;
			buildConfigurationList = 46140A99D3F415E4099C34C3 /* Build configuration list for PBXNativeTarget "Storage" */;
			buildPhases = (
				F5A26DC691AC994687DEEFDC /* Sources */,
				0CDBB0D6703A72D1FAC552A5 /* Frameworks */,
			);
			buildRules = (
			);
			dependencies = (
				D41AA88E863DB0B1F0FBA139 /* PBXTargetDependency */,
			);
			name = Storage;
			packageProductDependencies = (
			);
			productName = Storage;
			productReference = AAA494BAD0B70A333A314C8D /* Storage.framework */;
			productType = "com.apple.product-type.framework";
		};
		D8021DF298CB5B584A3C1305 /* DesignSystem */ = {
			isa = PBXNativeTarget;
			buildConfigurationList = 3C27BF227B4ADF198FB87459 /* Build configuration list for PBXNativeTarget "DesignSystem" */;
			buildPhases = (
				7BA124F6BE395415970C24F4 /* Sources */,
			);
			buildRules = (
			);
			dependencies = (
			);
			name = DesignSystem;
			packageProductDependencies = (
			);
			productName = DesignSystem;
			productReference = 17A93071FE62F98EC3C15760 /* DesignSystem.framework */;
			productType = "com.apple.product-type.framework";
		};
		F53B208A6EEFEEBDAE6FA098 /* ModelsTests */ = {
			isa = PBXNativeTarget;
			buildConfigurationList = F3CE5859175F489EDDC0F3F1 /* Build configuration list for PBXNativeTarget "ModelsTests" */;
			buildPhases = (
				DA2E8366F9ED294CA3CFA0A4 /* Sources */,
				06FADA17CF5CD8716C07FA01 /* Frameworks */,
				AD2982862640FD928477E138 /* Embed Frameworks */,
			);
			buildRules = (
			);
			dependencies = (
				4765EBFFFEFC1647163ACBFE /* PBXTargetDependency */,
			);
			name = ModelsTests;
			packageProductDependencies = (
			);
			productName = ModelsTests;
			productReference = 67CDDEA31B196A79BAC83B27 /* ModelsTests.xctest */;
			productType = "com.apple.product-type.bundle.unit-test";
		};
/* End PBXNativeTarget section */

/* Begin PBXProject section */
		96F6D07797D6785E45B35007 /* Project object */ = {
			isa = PBXProject;
			attributes = {
				BuildIndependentTargetsInParallel = YES;
				LastUpgradeCheck = 2630;
				TargetAttributes = {
					3A85846032AD2DE88F8FED1F = {
						DevelopmentTeam = "";
					};
					519580DFE6E17617711F3820 = {
						DevelopmentTeam = "";
					};
					53EE13D96414593F51A6B777 = {
						DevelopmentTeam = "";
					};
					5619E7EA445EC3ABD38C8AF9 = {
						DevelopmentTeam = "";
					};
					581660CC4D27A2E39FCF2661 = {
						DevelopmentTeam = "";
					};
					ADE403AE73A49F64FE54B4AA = {
						DevelopmentTeam = "";
					};
					C02500A07E07EEA228928E0E = {
						DevelopmentTeam = "";
					};
					C455F977886051CA7F1552E5 = {
						DevelopmentTeam = "";
					};
					D8021DF298CB5B584A3C1305 = {
						DevelopmentTeam = "";
					};
					F53B208A6EEFEEBDAE6FA098 = {
						DevelopmentTeam = "";
					};
				};
			};
			buildConfigurationList = B41D6A7B09A94D5193A6446F /* Build configuration list for PBXProject "filterMarket" */;
			developmentRegion = en;
			hasScannedForEncodings = 0;
			knownRegions = (
				Base,
				en,
			);
			mainGroup = 3DAE31FCEFD1C73C6ABF4E2A;
			minimizedProjectReferenceProxies = 1;
			preferredProjectObjectVersion = 77;
			productRefGroup = 4579D9F205DC8F60B23D8BFE /* Products */;
			projectDirPath = "";
			projectRoot = "";
			targets = (
				581660CC4D27A2E39FCF2661 /* Auth */,
				C02500A07E07EEA228928E0E /* Camera */,
				D8021DF298CB5B584A3C1305 /* DesignSystem */,
				53EE13D96414593F51A6B777 /* FilterEngine */,
				ADE403AE73A49F64FE54B4AA /* FilterEngineTests */,
				519580DFE6E17617711F3820 /* Marketplace */,
				5619E7EA445EC3ABD38C8AF9 /* Models */,
				F53B208A6EEFEEBDAE6FA098 /* ModelsTests */,
				C455F977886051CA7F1552E5 /* Storage */,
				3A85846032AD2DE88F8FED1F /* filterMarket */,
			);
		};
/* End PBXProject section */

/* Begin PBXSourcesBuildPhase section */
		08BDB9DFC56BCC9A3F5C23EC /* Sources */ = {
			isa = PBXSourcesBuildPhase;
			buildActionMask = 2147483647;
			files = (
				CF5D2516C9616B0B7D5A3AF4 /* LUTSamplerTests.swift in Sources */,
			);
			runOnlyForDeploymentPostprocessing = 0;
		};
		1C0BA4F93EE28EF604FDED9E /* Sources */ = {
			isa = PBXSourcesBuildPhase;
			buildActionMask = 2147483647;
			files = (
				5059D86167C676EAFEDD6364 /* FilterRepository.swift in Sources */,
			);
			runOnlyForDeploymentPostprocessing = 0;
		};
		204CA570E2DD3616ED2D2FF4 /* Sources */ = {
			isa = PBXSourcesBuildPhase;
			buildActionMask = 2147483647;
			files = (
				88FCBCC2F1F382616964F94D /* CameraSession.swift in Sources */,
			);
			runOnlyForDeploymentPostprocessing = 0;
		};
		5F065CCD8E505B5CBB76B635 /* Sources */ = {
			isa = PBXSourcesBuildPhase;
			buildActionMask = 2147483647;
			files = (
				344BC17F6B645438F181E6AF /* BasicYUVShaders.metal in Sources */,
				A0062542D4A822BBF8D141CE /* LUTSampler.swift in Sources */,
				24259CE3ACA97CAEED2E7F98 /* LUTTextureFactory.swift in Sources */,
				8B8BBE6024B60D14A27157B2 /* MetalPreviewRenderer.swift in Sources */,
				B907B0E0C4E46E65A5CA718E /* MetalPreviewView.swift in Sources */,
				3519AF3D40969C65B6D08A07 /* PreviewUniforms.swift in Sources */,
				1001F2EB2F3551F7EEF56D97 /* RenderMetrics.swift in Sources */,
				2C072F98C7C1A6F5F8839555 /* ShaderSources.swift in Sources */,
			);
			runOnlyForDeploymentPostprocessing = 0;
		};
		7BA124F6BE395415970C24F4 /* Sources */ = {
			isa = PBXSourcesBuildPhase;
			buildActionMask = 2147483647;
			files = (
				3276B0593528298EAE12A6BC /* DesignTokens.swift in Sources */,
			);
			runOnlyForDeploymentPostprocessing = 0;
		};
		8251C5D04ED389EAE7E2796C /* Sources */ = {
			isa = PBXSourcesBuildPhase;
			buildActionMask = 2147483647;
			files = (
				7C590BC5ADB451A1EBB6D0D9 /* FilterManifest.swift in Sources */,
				450C1B71D980CD470B8862C1 /* FilterModels.swift in Sources */,
				C6C63436B49136D4688D4C4E /* JSONCoding.swift in Sources */,
			);
			runOnlyForDeploymentPostprocessing = 0;
		};
		92C30B9FF5F21BA4298CDD03 /* Sources */ = {
			isa = PBXSourcesBuildPhase;
			buildActionMask = 2147483647;
			files = (
				8BF59D17FD45564E439B2582 /* FilterMarketApp.swift in Sources */,
			);
			runOnlyForDeploymentPostprocessing = 0;
		};
		981255DE5ACF15F9DEF4E4FD /* Sources */ = {
			isa = PBXSourcesBuildPhase;
			buildActionMask = 2147483647;
			files = (
				63419231E8AE756A1B9199D6 /* AuthPlaceholder.swift in Sources */,
			);
			runOnlyForDeploymentPostprocessing = 0;
		};
		DA2E8366F9ED294CA3CFA0A4 /* Sources */ = {
			isa = PBXSourcesBuildPhase;
			buildActionMask = 2147483647;
			files = (
				00376A93C13B1F3AC5B92DF4 /* FilterManifestTests.swift in Sources */,
			);
			runOnlyForDeploymentPostprocessing = 0;
		};
		F5A26DC691AC994687DEEFDC /* Sources */ = {
			isa = PBXSourcesBuildPhase;
			buildActionMask = 2147483647;
			files = (
				D63143161C05B800C6A3EC0F /* FilterCache.swift in Sources */,
			);
			runOnlyForDeploymentPostprocessing = 0;
		};
/* End PBXSourcesBuildPhase section */

/* Begin PBXTargetDependency section */
		3C75208BF40B456986721A54 /* PBXTargetDependency */ = {
			isa = PBXTargetDependency;
			target = 53EE13D96414593F51A6B777 /* FilterEngine */;
			targetProxy = 67702FD15D2A71232C634E58 /* PBXContainerItemProxy */;
		};
		4765EBFFFEFC1647163ACBFE /* PBXTargetDependency */ = {
			isa = PBXTargetDependency;
			target = 5619E7EA445EC3ABD38C8AF9 /* Models */;
			targetProxy = 6E7F46530C12B1AE00724521 /* PBXContainerItemProxy */;
		};
		599FB907739A835A60B25476 /* PBXTargetDependency */ = {
			isa = PBXTargetDependency;
			target = C455F977886051CA7F1552E5 /* Storage */;
			targetProxy = 2D8744A4B6FD5E9817B7D938 /* PBXContainerItemProxy */;
		};
		71337D8A7F6D80CDB15864E2 /* PBXTargetDependency */ = {
			isa = PBXTargetDependency;
			target = 581660CC4D27A2E39FCF2661 /* Auth */;
			targetProxy = CC0D292AB48B28F0E37E014E /* PBXContainerItemProxy */;
		};
		7ECAD54D9D45226E6AF9F5D0 /* PBXTargetDependency */ = {
			isa = PBXTargetDependency;
			target = 5619E7EA445EC3ABD38C8AF9 /* Models */;
			targetProxy = A70926348F917F7C4A061CCC /* PBXContainerItemProxy */;
		};
		824D1E503CCB3DA5F599085B /* PBXTargetDependency */ = {
			isa = PBXTargetDependency;
			target = 5619E7EA445EC3ABD38C8AF9 /* Models */;
			targetProxy = C51ABCC9F77C281CA87BBAB6 /* PBXContainerItemProxy */;
		};
		88DC8E8A400CCBA8A1880967 /* PBXTargetDependency */ = {
			isa = PBXTargetDependency;
			target = 5619E7EA445EC3ABD38C8AF9 /* Models */;
			targetProxy = 1716F04132B6F8FADA8AE89C /* PBXContainerItemProxy */;
		};
		93BDE955604262EE3A264B01 /* PBXTargetDependency */ = {
			isa = PBXTargetDependency;
			target = 53EE13D96414593F51A6B777 /* FilterEngine */;
			targetProxy = F5BE01BD773974D669364589 /* PBXContainerItemProxy */;
		};
		BCE1B1E8B7E175B927D1704D /* PBXTargetDependency */ = {
			isa = PBXTargetDependency;
			target = 5619E7EA445EC3ABD38C8AF9 /* Models */;
			targetProxy = CBA32321A12B202B5FC24962 /* PBXContainerItemProxy */;
		};
		C29F9ACC9497294A6242DADF /* PBXTargetDependency */ = {
			isa = PBXTargetDependency;
			target = 519580DFE6E17617711F3820 /* Marketplace */;
			targetProxy = FCECEF7A4491E330BC203776 /* PBXContainerItemProxy */;
		};
		C9CE2FEE6B417B5EDCB4D9DE /* PBXTargetDependency */ = {
			isa = PBXTargetDependency;
			target = C02500A07E07EEA228928E0E /* Camera */;
			targetProxy = 7D578297C3FEDFBCC83E9FA9 /* PBXContainerItemProxy */;
		};
		D41AA88E863DB0B1F0FBA139 /* PBXTargetDependency */ = {
			isa = PBXTargetDependency;
			target = 5619E7EA445EC3ABD38C8AF9 /* Models */;
			targetProxy = 3DEA69FDF279C61B17367398 /* PBXContainerItemProxy */;
		};
		D6344F17816F5C7E804CF74E /* PBXTargetDependency */ = {
			isa = PBXTargetDependency;
			target = D8021DF298CB5B584A3C1305 /* DesignSystem */;
			targetProxy = F513B03D39D16D65102B4D45 /* PBXContainerItemProxy */;
		};
/* End PBXTargetDependency section */

/* Begin XCBuildConfiguration section */
		114FE76165F6D27DDE98C778 /* Debug */ = {
			isa = XCBuildConfiguration;
			buildSettings = {
				CODE_SIGN_IDENTITY = "";
				CURRENT_PROJECT_VERSION = 1;
				DEFINES_MODULE = YES;
				DYLIB_COMPATIBILITY_VERSION = 1;
				DYLIB_CURRENT_VERSION = 1;
				DYLIB_INSTALL_NAME_BASE = "@rpath";
				GENERATE_INFOPLIST_FILE = YES;
				INSTALL_PATH = "$(LOCAL_LIBRARY_DIR)/Frameworks";
				IPHONEOS_DEPLOYMENT_TARGET = 17.0;
				LD_RUNPATH_SEARCH_PATHS = (
					"$(inherited)",
					"@executable_path/Frameworks",
				);
				PRODUCT_BUNDLE_IDENTIFIER = com.filtermarket.Camera;
				SDKROOT = iphoneos;
				SKIP_INSTALL = YES;
				TARGETED_DEVICE_FAMILY = "1,2";
				VERSIONING_SYSTEM = "apple-generic";
			};
			name = Debug;
		};
		125E95ACA86C7D00F05C33B7 /* Debug */ = {
			isa = XCBuildConfiguration;
			buildSettings = {
				CODE_SIGN_IDENTITY = "";
				CURRENT_PROJECT_VERSION = 1;
				DEFINES_MODULE = YES;
				DYLIB_COMPATIBILITY_VERSION = 1;
				DYLIB_CURRENT_VERSION = 1;
				DYLIB_INSTALL_NAME_BASE = "@rpath";
				GENERATE_INFOPLIST_FILE = YES;
				INSTALL_PATH = "$(LOCAL_LIBRARY_DIR)/Frameworks";
				IPHONEOS_DEPLOYMENT_TARGET = 17.0;
				LD_RUNPATH_SEARCH_PATHS = (
					"$(inherited)",
					"@executable_path/Frameworks",
				);
				PRODUCT_BUNDLE_IDENTIFIER = com.filtermarket.Storage;
				SDKROOT = iphoneos;
				SKIP_INSTALL = YES;
				TARGETED_DEVICE_FAMILY = "1,2";
				VERSIONING_SYSTEM = "apple-generic";
			};
			name = Debug;
		};
		36A07351C63CFBE6907C4B77 /* Debug */ = {
			isa = XCBuildConfiguration;
			buildSettings = {
				ALWAYS_SEARCH_USER_PATHS = NO;
				CLANG_ANALYZER_NONNULL = YES;
				CLANG_ANALYZER_NUMBER_OBJECT_CONVERSION = YES_AGGRESSIVE;
				CLANG_CXX_LANGUAGE_STANDARD = "gnu++14";
				CLANG_CXX_LIBRARY = "libc++";
				CLANG_ENABLE_MODULES = YES;
				CLANG_ENABLE_OBJC_ARC = YES;
				CLANG_ENABLE_OBJC_WEAK = YES;
				CLANG_WARN_BLOCK_CAPTURE_AUTORELEASING = YES;
				CLANG_WARN_BOOL_CONVERSION = YES;
				CLANG_WARN_COMMA = YES;
				CLANG_WARN_CONSTANT_CONVERSION = YES;
				CLANG_WARN_DEPRECATED_OBJC_IMPLEMENTATIONS = YES;
				CLANG_WARN_DIRECT_OBJC_ISA_USAGE = YES_ERROR;
				CLANG_WARN_DOCUMENTATION_COMMENTS = YES;
				CLANG_WARN_EMPTY_BODY = YES;
				CLANG_WARN_ENUM_CONVERSION = YES;
				CLANG_WARN_INFINITE_RECURSION = YES;
				CLANG_WARN_INT_CONVERSION = YES;
				CLANG_WARN_NON_LITERAL_NULL_CONVERSION = YES;
				CLANG_WARN_OBJC_IMPLICIT_RETAIN_SELF = YES;
				CLANG_WARN_OBJC_LITERAL_CONVERSION = YES;
				CLANG_WARN_OBJC_ROOT_CLASS = YES_ERROR;
				CLANG_WARN_QUOTED_INCLUDE_IN_FRAMEWORK_HEADER = YES;
				CLANG_WARN_RANGE_LOOP_ANALYSIS = YES;
				CLANG_WARN_STRICT_PROTOTYPES = YES;
				CLANG_WARN_SUSPICIOUS_MOVE = YES;
				CLANG_WARN_UNGUARDED_AVAILABILITY = YES_AGGRESSIVE;
				CLANG_WARN_UNREACHABLE_CODE = YES;
				CLANG_WARN__DUPLICATE_METHOD_MATCH = YES;
				COPY_PHASE_STRIP = NO;
				CURRENT_PROJECT_VERSION = 1;
				DEBUG_INFORMATION_FORMAT = dwarf;
				DEVELOPMENT_TEAM = "";
				ENABLE_STRICT_OBJC_MSGSEND = YES;
				ENABLE_TESTABILITY = YES;
				ENABLE_USER_SCRIPT_SANDBOXING = NO;
				GCC_C_LANGUAGE_STANDARD = gnu11;
				GCC_DYNAMIC_NO_PIC = NO;
				GCC_NO_COMMON_BLOCKS = YES;
				GCC_OPTIMIZATION_LEVEL = 0;
				GCC_PREPROCESSOR_DEFINITIONS = (
					"$(inherited)",
					"DEBUG=1",
				);
				GCC_WARN_64_TO_32_BIT_CONVERSION = YES;
				GCC_WARN_ABOUT_RETURN_TYPE = YES_ERROR;
				GCC_WARN_UNDECLARED_SELECTOR = YES;
				GCC_WARN_UNINITIALIZED_AUTOS = YES_AGGRESSIVE;
				GCC_WARN_UNUSED_FUNCTION = YES;
				GCC_WARN_UNUSED_VARIABLE = YES;
				IPHONEOS_DEPLOYMENT_TARGET = 17.0;
				MARKETING_VERSION = 1.0.0;
				MTL_ENABLE_DEBUG_INFO = INCLUDE_SOURCE;
				MTL_FAST_MATH = YES;
				ONLY_ACTIVE_ARCH = YES;
				PRODUCT_NAME = "$(TARGET_NAME)";
				SDKROOT = iphoneos;
				SWIFT_ACTIVE_COMPILATION_CONDITIONS = DEBUG;
				SWIFT_OPTIMIZATION_LEVEL = "-Onone";
				SWIFT_STRICT_CONCURRENCY = minimal;
				SWIFT_VERSION = 6.0;
			};
			name = Debug;
		};
		460A56E891D937C68EA9B5D2 /* Release */ = {
			isa = XCBuildConfiguration;
			buildSettings = {
				CODE_SIGN_IDENTITY = "";
				CURRENT_PROJECT_VERSION = 1;
				DEFINES_MODULE = YES;
				DYLIB_COMPATIBILITY_VERSION = 1;
				DYLIB_CURRENT_VERSION = 1;
				DYLIB_INSTALL_NAME_BASE = "@rpath";
				GENERATE_INFOPLIST_FILE = YES;
				INSTALL_PATH = "$(LOCAL_LIBRARY_DIR)/Frameworks";
				IPHONEOS_DEPLOYMENT_TARGET = 17.0;
				LD_RUNPATH_SEARCH_PATHS = (
					"$(inherited)",
					"@executable_path/Frameworks",
				);
				PRODUCT_BUNDLE_IDENTIFIER = com.filtermarket.DesignSystem;
				SDKROOT = iphoneos;
				SKIP_INSTALL = YES;
				TARGETED_DEVICE_FAMILY = "1,2";
				VERSIONING_SYSTEM = "apple-generic";
			};
			name = Release;
		};
		48244CF34191C0D3B1389FED /* Debug */ = {
			isa = XCBuildConfiguration;
			buildSettings = {
				BUNDLE_LOADER = "$(TEST_HOST)";
				GENERATE_INFOPLIST_FILE = YES;
				IPHONEOS_DEPLOYMENT_TARGET = 17.0;
				LD_RUNPATH_SEARCH_PATHS = (
					"$(inherited)",
					"@executable_path/Frameworks",
					"@loader_path/Frameworks",
				);
				PRODUCT_BUNDLE_IDENTIFIER = com.filtermarket.FilterEngineTests;
				SDKROOT = iphoneos;
				TARGETED_DEVICE_FAMILY = "1,2";
			};
			name = Debug;
		};
		4CF55F807A27EF913F665520 /* Debug */ = {
			isa = XCBuildConfiguration;
			buildSettings = {
				CODE_SIGN_IDENTITY = "";
				CURRENT_PROJECT_VERSION = 1;
				DEFINES_MODULE = YES;
				DYLIB_COMPATIBILITY_VERSION = 1;
				DYLIB_CURRENT_VERSION = 1;
				DYLIB_INSTALL_NAME_BASE = "@rpath";
				GENERATE_INFOPLIST_FILE = YES;
				INSTALL_PATH = "$(LOCAL_LIBRARY_DIR)/Frameworks";
				IPHONEOS_DEPLOYMENT_TARGET = 17.0;
				LD_RUNPATH_SEARCH_PATHS = (
					"$(inherited)",
					"@executable_path/Frameworks",
				);
				PRODUCT_BUNDLE_IDENTIFIER = com.filtermarket.Auth;
				SDKROOT = iphoneos;
				SKIP_INSTALL = YES;
				TARGETED_DEVICE_FAMILY = "1,2";
				VERSIONING_SYSTEM = "apple-generic";
			};
			name = Debug;
		};
		56C09AFB51A77B4E42675C97 /* Release */ = {
			isa = XCBuildConfiguration;
			buildSettings = {
				CODE_SIGN_IDENTITY = "";
				CURRENT_PROJECT_VERSION = 1;
				DEFINES_MODULE = YES;
				DYLIB_COMPATIBILITY_VERSION = 1;
				DYLIB_CURRENT_VERSION = 1;
				DYLIB_INSTALL_NAME_BASE = "@rpath";
				GENERATE_INFOPLIST_FILE = YES;
				INSTALL_PATH = "$(LOCAL_LIBRARY_DIR)/Frameworks";
				IPHONEOS_DEPLOYMENT_TARGET = 17.0;
				LD_RUNPATH_SEARCH_PATHS = (
					"$(inherited)",
					"@executable_path/Frameworks",
				);
				PRODUCT_BUNDLE_IDENTIFIER = com.filtermarket.Camera;
				SDKROOT = iphoneos;
				SKIP_INSTALL = YES;
				TARGETED_DEVICE_FAMILY = "1,2";
				VERSIONING_SYSTEM = "apple-generic";
			};
			name = Release;
		};
		66F334B94288F8811B83049F /* Release */ = {
			isa = XCBuildConfiguration;
			buildSettings = {
				CODE_SIGN_IDENTITY = "";
				CURRENT_PROJECT_VERSION = 1;
				DEFINES_MODULE = YES;
				DYLIB_COMPATIBILITY_VERSION = 1;
				DYLIB_CURRENT_VERSION = 1;
				DYLIB_INSTALL_NAME_BASE = "@rpath";
				GENERATE_INFOPLIST_FILE = YES;
				INSTALL_PATH = "$(LOCAL_LIBRARY_DIR)/Frameworks";
				IPHONEOS_DEPLOYMENT_TARGET = 17.0;
				LD_RUNPATH_SEARCH_PATHS = (
					"$(inherited)",
					"@executable_path/Frameworks",
				);
				PRODUCT_BUNDLE_IDENTIFIER = com.filtermarket.Auth;
				SDKROOT = iphoneos;
				SKIP_INSTALL = YES;
				TARGETED_DEVICE_FAMILY = "1,2";
				VERSIONING_SYSTEM = "apple-generic";
			};
			name = Release;
		};
		6A1277D4E205EC7DAAFBB78D /* Release */ = {
			isa = XCBuildConfiguration;
			buildSettings = {
				CODE_SIGN_IDENTITY = "";
				CURRENT_PROJECT_VERSION = 1;
				DEFINES_MODULE = YES;
				DYLIB_COMPATIBILITY_VERSION = 1;
				DYLIB_CURRENT_VERSION = 1;
				DYLIB_INSTALL_NAME_BASE = "@rpath";
				GENERATE_INFOPLIST_FILE = YES;
				INSTALL_PATH = "$(LOCAL_LIBRARY_DIR)/Frameworks";
				IPHONEOS_DEPLOYMENT_TARGET = 17.0;
				LD_RUNPATH_SEARCH_PATHS = (
					"$(inherited)",
					"@executable_path/Frameworks",
				);
				PRODUCT_BUNDLE_IDENTIFIER = com.filtermarket.Models;
				SDKROOT = iphoneos;
				SKIP_INSTALL = YES;
				TARGETED_DEVICE_FAMILY = "1,2";
				VERSIONING_SYSTEM = "apple-generic";
			};
			name = Release;
		};
		6F9C71E1FC0CB8433F9CDFD6 /* Debug */ = {
			isa = XCBuildConfiguration;
			buildSettings = {
				CODE_SIGN_IDENTITY = "";
				CURRENT_PROJECT_VERSION = 1;
				DEFINES_MODULE = YES;
				DYLIB_COMPATIBILITY_VERSION = 1;
				DYLIB_CURRENT_VERSION = 1;
				DYLIB_INSTALL_NAME_BASE = "@rpath";
				GENERATE_INFOPLIST_FILE = YES;
				INSTALL_PATH = "$(LOCAL_LIBRARY_DIR)/Frameworks";
				IPHONEOS_DEPLOYMENT_TARGET = 17.0;
				LD_RUNPATH_SEARCH_PATHS = (
					"$(inherited)",
					"@executable_path/Frameworks",
				);
				PRODUCT_BUNDLE_IDENTIFIER = com.filtermarket.Marketplace;
				SDKROOT = iphoneos;
				SKIP_INSTALL = YES;
				TARGETED_DEVICE_FAMILY = "1,2";
				VERSIONING_SYSTEM = "apple-generic";
			};
			name = Debug;
		};
		75666F2BDE63F07450A2AD16 /* Debug */ = {
			isa = XCBuildConfiguration;
			buildSettings = {
				CODE_SIGN_IDENTITY = "";
				CURRENT_PROJECT_VERSION = 1;
				DEFINES_MODULE = YES;
				DYLIB_COMPATIBILITY_VERSION = 1;
				DYLIB_CURRENT_VERSION = 1;
				DYLIB_INSTALL_NAME_BASE = "@rpath";
				GENERATE_INFOPLIST_FILE = YES;
				INSTALL_PATH = "$(LOCAL_LIBRARY_DIR)/Frameworks";
				IPHONEOS_DEPLOYMENT_TARGET = 17.0;
				LD_RUNPATH_SEARCH_PATHS = (
					"$(inherited)",
					"@executable_path/Frameworks",
				);
				PRODUCT_BUNDLE_IDENTIFIER = com.filtermarket.Models;
				SDKROOT = iphoneos;
				SKIP_INSTALL = YES;
				TARGETED_DEVICE_FAMILY = "1,2";
				VERSIONING_SYSTEM = "apple-generic";
			};
			name = Debug;
		};
		8450519918E193462371794E /* Debug */ = {
			isa = XCBuildConfiguration;
			buildSettings = {
				CODE_SIGN_IDENTITY = "";
				CURRENT_PROJECT_VERSION = 1;
				DEFINES_MODULE = YES;
				DYLIB_COMPATIBILITY_VERSION = 1;
				DYLIB_CURRENT_VERSION = 1;
				DYLIB_INSTALL_NAME_BASE = "@rpath";
				GENERATE_INFOPLIST_FILE = YES;
				INSTALL_PATH = "$(LOCAL_LIBRARY_DIR)/Frameworks";
				IPHONEOS_DEPLOYMENT_TARGET = 17.0;
				LD_RUNPATH_SEARCH_PATHS = (
					"$(inherited)",
					"@executable_path/Frameworks",
				);
				PRODUCT_BUNDLE_IDENTIFIER = com.filtermarket.FilterEngine;
				SDKROOT = iphoneos;
				SKIP_INSTALL = YES;
				TARGETED_DEVICE_FAMILY = "1,2";
				VERSIONING_SYSTEM = "apple-generic";
			};
			name = Debug;
		};
		9085807F8C25D4E911B04B4D /* Release */ = {
			isa = XCBuildConfiguration;
			buildSettings = {
				CODE_SIGN_IDENTITY = "";
				CURRENT_PROJECT_VERSION = 1;
				DEFINES_MODULE = YES;
				DYLIB_COMPATIBILITY_VERSION = 1;
				DYLIB_CURRENT_VERSION = 1;
				DYLIB_INSTALL_NAME_BASE = "@rpath";
				GENERATE_INFOPLIST_FILE = YES;
				INSTALL_PATH = "$(LOCAL_LIBRARY_DIR)/Frameworks";
				IPHONEOS_DEPLOYMENT_TARGET = 17.0;
				LD_RUNPATH_SEARCH_PATHS = (
					"$(inherited)",
					"@executable_path/Frameworks",
				);
				PRODUCT_BUNDLE_IDENTIFIER = com.filtermarket.Storage;
				SDKROOT = iphoneos;
				SKIP_INSTALL = YES;
				TARGETED_DEVICE_FAMILY = "1,2";
				VERSIONING_SYSTEM = "apple-generic";
			};
			name = Release;
		};
		9423248E8E77A6C9763D5A08 /* Release */ = {
			isa = XCBuildConfiguration;
			buildSettings = {
				CODE_SIGN_IDENTITY = "";
				CURRENT_PROJECT_VERSION = 1;
				DEFINES_MODULE = YES;
				DYLIB_COMPATIBILITY_VERSION = 1;
				DYLIB_CURRENT_VERSION = 1;
				DYLIB_INSTALL_NAME_BASE = "@rpath";
				GENERATE_INFOPLIST_FILE = YES;
				INSTALL_PATH = "$(LOCAL_LIBRARY_DIR)/Frameworks";
				IPHONEOS_DEPLOYMENT_TARGET = 17.0;
				LD_RUNPATH_SEARCH_PATHS = (
					"$(inherited)",
					"@executable_path/Frameworks",
				);
				PRODUCT_BUNDLE_IDENTIFIER = com.filtermarket.FilterEngine;
				SDKROOT = iphoneos;
				SKIP_INSTALL = YES;
				TARGETED_DEVICE_FAMILY = "1,2";
				VERSIONING_SYSTEM = "apple-generic";
			};
			name = Release;
		};
		9735F5221C177F3F3BDC45ED /* Release */ = {
			isa = XCBuildConfiguration;
			buildSettings = {
				ASSETCATALOG_COMPILER_APPICON_NAME = AppIcon;
				CODE_SIGN_IDENTITY = "iPhone Developer";
				INFOPLIST_FILE = Sources/App/Info.plist;
				IPHONEOS_DEPLOYMENT_TARGET = 17.0;
				LD_RUNPATH_SEARCH_PATHS = (
					"$(inherited)",
					"@executable_path/Frameworks",
				);
				PRODUCT_BUNDLE_IDENTIFIER = com.filtermarket.ios;
				SDKROOT = iphoneos;
				TARGETED_DEVICE_FAMILY = "1,2";
			};
			name = Release;
		};
		9AFDD130C5D348E4E4DBEC5F /* Debug */ = {
			isa = XCBuildConfiguration;
			buildSettings = {
				BUNDLE_LOADER = "$(TEST_HOST)";
				GENERATE_INFOPLIST_FILE = YES;
				IPHONEOS_DEPLOYMENT_TARGET = 17.0;
				LD_RUNPATH_SEARCH_PATHS = (
					"$(inherited)",
					"@executable_path/Frameworks",
					"@loader_path/Frameworks",
				);
				PRODUCT_BUNDLE_IDENTIFIER = com.filtermarket.ModelsTests;
				SDKROOT = iphoneos;
				TARGETED_DEVICE_FAMILY = "1,2";
			};
			name = Debug;
		};
		AA5C252F5973FB23E13FFBA0 /* Release */ = {
			isa = XCBuildConfiguration;
			buildSettings = {
				BUNDLE_LOADER = "$(TEST_HOST)";
				GENERATE_INFOPLIST_FILE = YES;
				IPHONEOS_DEPLOYMENT_TARGET = 17.0;
				LD_RUNPATH_SEARCH_PATHS = (
					"$(inherited)",
					"@executable_path/Frameworks",
					"@loader_path/Frameworks",
				);
				PRODUCT_BUNDLE_IDENTIFIER = com.filtermarket.ModelsTests;
				SDKROOT = iphoneos;
				TARGETED_DEVICE_FAMILY = "1,2";
			};
			name = Release;
		};
		B2B1EDA623C63FAA3B1446B8 /* Debug */ = {
			isa = XCBuildConfiguration;
			buildSettings = {
				CODE_SIGN_IDENTITY = "";
				CURRENT_PROJECT_VERSION = 1;
				DEFINES_MODULE = YES;
				DYLIB_COMPATIBILITY_VERSION = 1;
				DYLIB_CURRENT_VERSION = 1;
				DYLIB_INSTALL_NAME_BASE = "@rpath";
				GENERATE_INFOPLIST_FILE = YES;
				INSTALL_PATH = "$(LOCAL_LIBRARY_DIR)/Frameworks";
				IPHONEOS_DEPLOYMENT_TARGET = 17.0;
				LD_RUNPATH_SEARCH_PATHS = (
					"$(inherited)",
					"@executable_path/Frameworks",
				);
				PRODUCT_BUNDLE_IDENTIFIER = com.filtermarket.DesignSystem;
				SDKROOT = iphoneos;
				SKIP_INSTALL = YES;
				TARGETED_DEVICE_FAMILY = "1,2";
				VERSIONING_SYSTEM = "apple-generic";
			};
			name = Debug;
		};
		B6C8A888FCC3D724198DCA62 /* Release */ = {
			isa = XCBuildConfiguration;
			buildSettings = {
				ALWAYS_SEARCH_USER_PATHS = NO;
				CLANG_ANALYZER_NONNULL = YES;
				CLANG_ANALYZER_NUMBER_OBJECT_CONVERSION = YES_AGGRESSIVE;
				CLANG_CXX_LANGUAGE_STANDARD = "gnu++14";
				CLANG_CXX_LIBRARY = "libc++";
				CLANG_ENABLE_MODULES = YES;
				CLANG_ENABLE_OBJC_ARC = YES;
				CLANG_ENABLE_OBJC_WEAK = YES;
				CLANG_WARN_BLOCK_CAPTURE_AUTORELEASING = YES;
				CLANG_WARN_BOOL_CONVERSION = YES;
				CLANG_WARN_COMMA = YES;
				CLANG_WARN_CONSTANT_CONVERSION = YES;
				CLANG_WARN_DEPRECATED_OBJC_IMPLEMENTATIONS = YES;
				CLANG_WARN_DIRECT_OBJC_ISA_USAGE = YES_ERROR;
				CLANG_WARN_DOCUMENTATION_COMMENTS = YES;
				CLANG_WARN_EMPTY_BODY = YES;
				CLANG_WARN_ENUM_CONVERSION = YES;
				CLANG_WARN_INFINITE_RECURSION = YES;
				CLANG_WARN_INT_CONVERSION = YES;
				CLANG_WARN_NON_LITERAL_NULL_CONVERSION = YES;
				CLANG_WARN_OBJC_IMPLICIT_RETAIN_SELF = YES;
				CLANG_WARN_OBJC_LITERAL_CONVERSION = YES;
				CLANG_WARN_OBJC_ROOT_CLASS = YES_ERROR;
				CLANG_WARN_QUOTED_INCLUDE_IN_FRAMEWORK_HEADER = YES;
				CLANG_WARN_RANGE_LOOP_ANALYSIS = YES;
				CLANG_WARN_STRICT_PROTOTYPES = YES;
				CLANG_WARN_SUSPICIOUS_MOVE = YES;
				CLANG_WARN_UNGUARDED_AVAILABILITY = YES_AGGRESSIVE;
				CLANG_WARN_UNREACHABLE_CODE = YES;
				CLANG_WARN__DUPLICATE_METHOD_MATCH = YES;
				COPY_PHASE_STRIP = NO;
				CURRENT_PROJECT_VERSION = 1;
				DEBUG_INFORMATION_FORMAT = "dwarf-with-dsym";
				DEVELOPMENT_TEAM = "";
				ENABLE_NS_ASSERTIONS = NO;
				ENABLE_STRICT_OBJC_MSGSEND = YES;
				ENABLE_USER_SCRIPT_SANDBOXING = NO;
				GCC_C_LANGUAGE_STANDARD = gnu11;
				GCC_NO_COMMON_BLOCKS = YES;
				GCC_WARN_64_TO_32_BIT_CONVERSION = YES;
				GCC_WARN_ABOUT_RETURN_TYPE = YES_ERROR;
				GCC_WARN_UNDECLARED_SELECTOR = YES;
				GCC_WARN_UNINITIALIZED_AUTOS = YES_AGGRESSIVE;
				GCC_WARN_UNUSED_FUNCTION = YES;
				GCC_WARN_UNUSED_VARIABLE = YES;
				IPHONEOS_DEPLOYMENT_TARGET = 17.0;
				MARKETING_VERSION = 1.0.0;
				MTL_ENABLE_DEBUG_INFO = NO;
				MTL_FAST_MATH = YES;
				PRODUCT_NAME = "$(TARGET_NAME)";
				SDKROOT = iphoneos;
				SWIFT_COMPILATION_MODE = wholemodule;
				SWIFT_OPTIMIZATION_LEVEL = "-O";
				SWIFT_STRICT_CONCURRENCY = minimal;
				SWIFT_VERSION = 6.0;
			};
			name = Release;
		};
		CBE007EA5861838F128E1948 /* Debug */ = {
			isa = XCBuildConfiguration;
			buildSettings = {
				ASSETCATALOG_COMPILER_APPICON_NAME = AppIcon;
				CODE_SIGN_IDENTITY = "iPhone Developer";
				INFOPLIST_FILE = Sources/App/Info.plist;
				IPHONEOS_DEPLOYMENT_TARGET = 17.0;
				LD_RUNPATH_SEARCH_PATHS = (
					"$(inherited)",
					"@executable_path/Frameworks",
				);
				PRODUCT_BUNDLE_IDENTIFIER = com.filtermarket.ios;
				SDKROOT = iphoneos;
				TARGETED_DEVICE_FAMILY = "1,2";
			};
			name = Debug;
		};
		D1AEAB0B1324C7A629CCBBDE /* Release */ = {
			isa = XCBuildConfiguration;
			buildSettings = {
				CODE_SIGN_IDENTITY = "";
				CURRENT_PROJECT_VERSION = 1;
				DEFINES_MODULE = YES;
				DYLIB_COMPATIBILITY_VERSION = 1;
				DYLIB_CURRENT_VERSION = 1;
				DYLIB_INSTALL_NAME_BASE = "@rpath";
				GENERATE_INFOPLIST_FILE = YES;
				INSTALL_PATH = "$(LOCAL_LIBRARY_DIR)/Frameworks";
				IPHONEOS_DEPLOYMENT_TARGET = 17.0;
				LD_RUNPATH_SEARCH_PATHS = (
					"$(inherited)",
					"@executable_path/Frameworks",
				);
				PRODUCT_BUNDLE_IDENTIFIER = com.filtermarket.Marketplace;
				SDKROOT = iphoneos;
				SKIP_INSTALL = YES;
				TARGETED_DEVICE_FAMILY = "1,2";
				VERSIONING_SYSTEM = "apple-generic";
			};
			name = Release;
		};
		E6B896F50A7D50061B9BB500 /* Release */ = {
			isa = XCBuildConfiguration;
			buildSettings = {
				BUNDLE_LOADER = "$(TEST_HOST)";
				GENERATE_INFOPLIST_FILE = YES;
				IPHONEOS_DEPLOYMENT_TARGET = 17.0;
				LD_RUNPATH_SEARCH_PATHS = (
					"$(inherited)",
					"@executable_path/Frameworks",
					"@loader_path/Frameworks",
				);
				PRODUCT_BUNDLE_IDENTIFIER = com.filtermarket.FilterEngineTests;
				SDKROOT = iphoneos;
				TARGETED_DEVICE_FAMILY = "1,2";
			};
			name = Release;
		};
/* End XCBuildConfiguration section */

/* Begin XCConfigurationList section */
		1609AB8BAEDD932F5C52312C /* Build configuration list for PBXNativeTarget "Auth" */ = {
			isa = XCConfigurationList;
			buildConfigurations = (
				4CF55F807A27EF913F665520 /* Debug */,
				66F334B94288F8811B83049F /* Release */,
			);
			defaultConfigurationIsVisible = 0;
			defaultConfigurationName = Debug;
		};
		3C27BF227B4ADF198FB87459 /* Build configuration list for PBXNativeTarget "DesignSystem" */ = {
			isa = XCConfigurationList;
			buildConfigurations = (
				B2B1EDA623C63FAA3B1446B8 /* Debug */,
				460A56E891D937C68EA9B5D2 /* Release */,
			);
			defaultConfigurationIsVisible = 0;
			defaultConfigurationName = Debug;
		};
		46140A99D3F415E4099C34C3 /* Build configuration list for PBXNativeTarget "Storage" */ = {
			isa = XCConfigurationList;
			buildConfigurations = (
				125E95ACA86C7D00F05C33B7 /* Debug */,
				9085807F8C25D4E911B04B4D /* Release */,
			);
			defaultConfigurationIsVisible = 0;
			defaultConfigurationName = Debug;
		};
		482174CA4423C0214B8502DD /* Build configuration list for PBXNativeTarget "Marketplace" */ = {
			isa = XCConfigurationList;
			buildConfigurations = (
				6F9C71E1FC0CB8433F9CDFD6 /* Debug */,
				D1AEAB0B1324C7A629CCBBDE /* Release */,
			);
			defaultConfigurationIsVisible = 0;
			defaultConfigurationName = Debug;
		};
		4BF2D3825FDBCB4E1805C9D8 /* Build configuration list for PBXNativeTarget "FilterEngine" */ = {
			isa = XCConfigurationList;
			buildConfigurations = (
				8450519918E193462371794E /* Debug */,
				9423248E8E77A6C9763D5A08 /* Release */,
			);
			defaultConfigurationIsVisible = 0;
			defaultConfigurationName = Debug;
		};
		4E3E8A3C78A2866371E8BB46 /* Build configuration list for PBXNativeTarget "Camera" */ = {
			isa = XCConfigurationList;
			buildConfigurations = (
				114FE76165F6D27DDE98C778 /* Debug */,
				56C09AFB51A77B4E42675C97 /* Release */,
			);
			defaultConfigurationIsVisible = 0;
			defaultConfigurationName = Debug;
		};
		85C932E8DF9835940FD6E634 /* Build configuration list for PBXNativeTarget "FilterEngineTests" */ = {
			isa = XCConfigurationList;
			buildConfigurations = (
				48244CF34191C0D3B1389FED /* Debug */,
				E6B896F50A7D50061B9BB500 /* Release */,
			);
			defaultConfigurationIsVisible = 0;
			defaultConfigurationName = Debug;
		};
		92FF226BAA769426501FC920 /* Build configuration list for PBXNativeTarget "filterMarket" */ = {
			isa = XCConfigurationList;
			buildConfigurations = (
				CBE007EA5861838F128E1948 /* Debug */,
				9735F5221C177F3F3BDC45ED /* Release */,
			);
			defaultConfigurationIsVisible = 0;
			defaultConfigurationName = Debug;
		};
		AE14F16DAF819F3AAF22FD1F /* Build configuration list for PBXNativeTarget "Models" */ = {
			isa = XCConfigurationList;
			buildConfigurations = (
				75666F2BDE63F07450A2AD16 /* Debug */,
				6A1277D4E205EC7DAAFBB78D /* Release */,
			);
			defaultConfigurationIsVisible = 0;
			defaultConfigurationName = Debug;
		};
		B41D6A7B09A94D5193A6446F /* Build configuration list for PBXProject "filterMarket" */ = {
			isa = XCConfigurationList;
			buildConfigurations = (
				36A07351C63CFBE6907C4B77 /* Debug */,
				B6C8A888FCC3D724198DCA62 /* Release */,
			);
			defaultConfigurationIsVisible = 0;
			defaultConfigurationName = Debug;
		};
		F3CE5859175F489EDDC0F3F1 /* Build configuration list for PBXNativeTarget "ModelsTests" */ = {
			isa = XCConfigurationList;
			buildConfigurations = (
				9AFDD130C5D348E4E4DBEC5F /* Debug */,
				AA5C252F5973FB23E13FFBA0 /* Release */,
			);
			defaultConfigurationIsVisible = 0;
			defaultConfigurationName = Debug;
		};
/* End XCConfigurationList section */
	};
	rootObject = 96F6D07797D6785E45B35007 /* Project object */;
}
